
Microsoft Visual Studio Solution File, Format Version 12.00
# Visual Studio Version 17
VisualStudioVersion = 17.13.35931.197 d17.13
MinimumVisualStudioVersion = 10.0.40219.1
Project("{FAE04EC0-301F-11D3-BF4B-00C04F79EFBC}") = "ConsoleApp1", "ConsoleApp1\ConsoleApp1.csproj", "{F2A9C3CC-1009-4F60-9AF4-C141C766BCB5}"
EndProject
Global
	GlobalSection(SolutionConfigurationPlatforms) = preSolution
		Debug|Any CPU = Debug|Any CPU
		Release|Any CPU = Release|Any CPU
	EndGlobalSection
	GlobalSection(ProjectConfigurationPlatforms) = postSolution
		{F2A9C3CC-1009-4F60-9AF4-C141C766BCB5}.Debug|Any CPU.ActiveCfg = Debug|Any CPU
		{F2A9C3CC-1009-4F60-9AF4-C141C766BCB5}.Debug|Any CPU.Build.0 = Debug|Any CPU
		{F2A9C3CC-1009-4F60-9AF4-C141C766BCB5}.Release|Any CPU.ActiveCfg = Release|Any CPU
		{F2A9C3CC-1009-4F60-9AF4-C141C766BCB5}.Release|Any CPU.Build.0 = Release|Any CPU
	EndGlobalSection
	GlobalSection(SolutionProperties) = preSolution
		HideSolutionNode = FALSE
	EndGlobalSection
	GlobalSection(ExtensibilityGlobals) = postSolution
		SolutionGuid = {3C511182-BE2B-4E9B-919F-D5A4B3FD948B}
	EndGlobalSection
EndGlobal
